
Microsoft Visual Studio Solution File, Format Version 12.00
# Visual Studio 15
VisualStudioVersion = 15.0.26730.15
MinimumVisualStudioVersion = 10.0.40219.1
Project("{FAE04EC0-301F-11D3-BF4B-00C04F79EFBC}") = "IdentityProject", "IdentityProject\IdentityProject.csproj", "{26375EE8-0AEA-40E5-A19F-A3E168E84B36}"
EndProject
Project("{FAE04EC0-301F-11D3-BF4B-00C04F79EFBC}") = "IdentityProject.API", "IdentityProject.API\IdentityProject.API.csproj", "{4AD51880-4D29-4534-9EBC-7F53806D2F2A}"
EndProject
Global
	GlobalSection(SolutionConfigurationPlatforms) = preSolution
		Debug|Any CPU = Debug|Any CPU
		Release|Any CPU = Release|Any CPU
	EndGlobalSection
	GlobalSection(ProjectConfigurationPlatforms) = postSolution
		{26375EE8-0AEA-40E5-A19F-A3E168E84B36}.Debug|Any CPU.ActiveCfg = Debug|Any CPU
		{26375EE8-0AEA-40E5-A19F-A3E168E84B36}.Debug|Any CPU.Build.0 = Debug|Any CPU
		{26375EE8-0AEA-40E5-A19F-A3E168E84B36}.Release|Any CPU.ActiveCfg = Release|Any CPU
		{26375EE8-0AEA-40E5-A19F-A3E168E84B36}.Release|Any CPU.Build.0 = Release|Any CPU
		{4AD51880-4D29-4534-9EBC-7F53806D2F2A}.Debug|Any CPU.ActiveCfg = Debug|Any CPU
		{4AD51880-4D29-4534-9EBC-7F53806D2F2A}.Debug|Any CPU.Build.0 = Debug|Any CPU
		{4AD51880-4D29-4534-9EBC-7F53806D2F2A}.Release|Any CPU.ActiveCfg = Release|Any CPU
		{4AD51880-4D29-4534-9EBC-7F53806D2F2A}.Release|Any CPU.Build.0 = Release|Any CPU
	EndGlobalSection
	GlobalSection(SolutionProperties) = preSolution
		HideSolutionNode = FALSE
	EndGlobalSection
	GlobalSection(ExtensibilityGlobals) = postSolution
		SolutionGuid = {A921BB1A-8FB4-4BAF-82A2-2AE9B7893E85}
	EndGlobalSection
EndGlobal
